
Microsoft Visual Studio Solution File, Format Version 12.00
# Visual Studio Version 17
VisualStudioVersion = 17.5.2.0
MinimumVisualStudioVersion = 10.0.40219.1
Project("{2150E333-8FDC-42A3-9474-1A3956D46DE8}") = "Microservicio", "Microservicio", "{4FEA27AE-3EE4-471E-AE8B-E102136087FE}"
EndProject
Project("{2150E333-8FDC-42A3-9474-1A3956D46DE8}") = "Api1", "Api1", "{8C8EF25F-F94C-47DD-82D7-1B72A38F4D6C}"
EndProject
Project("{FAE04EC0-301F-11D3-BF4B-00C04F79EFBC}") = "Ejercicio", "Ejercicio\Ejercicio.csproj", "{54D1FA6B-F9EE-439B-A562-83D8A17C9189}"
EndProject
Project("{2150E333-8FDC-42A3-9474-1A3956D46DE8}") = "Contracts", "Contracts", "{4F1969C8-16D5-4312-8621-E36E3FA3A93D}"
EndProject
Project("{FAE04EC0-301F-11D3-BF4B-00C04F79EFBC}") = "Api.core.abstraction", "Microservicio\Api1\Contracts\Api.core.abstraction\Api.core.abstraction.csproj", "{2FA86CCE-7259-4967-A28B-A00AD2456311}"
EndProject
Project("{2150E333-8FDC-42A3-9474-1A3956D46DE8}") = "Persistencia", "Persistencia", "{12CB6305-9FD3-43BC-837E-AE99CE2C3CBD}"
EndProject
Project("{FAE04EC0-301F-11D3-BF4B-00C04F79EFBC}") = "Api1.Data.Models", "Api1.Data.Models\Api1.Data.Models.csproj", "{33A9FC3C-9695-4C76-A0C2-80412F06B0BC}"
EndProject
Project("{FAE04EC0-301F-11D3-BF4B-00C04F79EFBC}") = "Api1.Data.SqlServer", "Microservicio\Api1\Persistencia\Api1.Data.SqlServer\Api1.Data.SqlServer.csproj", "{10E98846-9E52-4E85-BBA5-9507F1D9426C}"
EndProject
Project("{2150E333-8FDC-42A3-9474-1A3956D46DE8}") = "Servicios", "Servicios", "{A18F3149-74E2-4DE8-9816-E0FAEB35E8A7}"
EndProject
Project("{FAE04EC0-301F-11D3-BF4B-00C04F79EFBC}") = "Api.Handler", "Microservicio\Api1\Servicios\Api.Handlers\Api.Handler.csproj", "{8FC9FAFF-1A2D-4707-9FBE-9B61806CFD71}"
EndProject
Project("{FAE04EC0-301F-11D3-BF4B-00C04F79EFBC}") = "Api.Query", "Microservicio\Api1\Servicios\Api.Query\Api.Query.csproj", "{B146F311-1299-47F5-9FDD-F51387F35EA9}"
EndProject
Project("{FAE04EC0-301F-11D3-BF4B-00C04F79EFBC}") = "Api1.Data.Repository", "Microservicio\Api1\Persistencia\Api1.Data.Repository\Api1.Data.Repository.csproj", "{19EBBA18-29BA-41D8-82E0-7B9AE2787C65}"
EndProject
Global
	GlobalSection(SolutionConfigurationPlatforms) = preSolution
		Debug|Any CPU = Debug|Any CPU
		Release|Any CPU = Release|Any CPU
	EndGlobalSection
	GlobalSection(ProjectConfigurationPlatforms) = postSolution
		{54D1FA6B-F9EE-439B-A562-83D8A17C9189}.Debug|Any CPU.ActiveCfg = Debug|Any CPU
		{54D1FA6B-F9EE-439B-A562-83D8A17C9189}.Debug|Any CPU.Build.0 = Debug|Any CPU
		{54D1FA6B-F9EE-439B-A562-83D8A17C9189}.Release|Any CPU.ActiveCfg = Release|Any CPU
		{54D1FA6B-F9EE-439B-A562-83D8A17C9189}.Release|Any CPU.Build.0 = Release|Any CPU
		{2FA86CCE-7259-4967-A28B-A00AD2456311}.Debug|Any CPU.ActiveCfg = Debug|Any CPU
		{2FA86CCE-7259-4967-A28B-A00AD2456311}.Debug|Any CPU.Build.0 = Debug|Any CPU
		{2FA86CCE-7259-4967-A28B-A00AD2456311}.Release|Any CPU.ActiveCfg = Release|Any CPU
		{2FA86CCE-7259-4967-A28B-A00AD2456311}.Release|Any CPU.Build.0 = Release|Any CPU
		{33A9FC3C-9695-4C76-A0C2-80412F06B0BC}.Debug|Any CPU.ActiveCfg = Debug|Any CPU
		{33A9FC3C-9695-4C76-A0C2-80412F06B0BC}.Debug|Any CPU.Build.0 = Debug|Any CPU
		{33A9FC3C-9695-4C76-A0C2-80412F06B0BC}.Release|Any CPU.ActiveCfg = Release|Any CPU
		{33A9FC3C-9695-4C76-A0C2-80412F06B0BC}.Release|Any CPU.Build.0 = Release|Any CPU
		{10E98846-9E52-4E85-BBA5-9507F1D9426C}.Debug|Any CPU.ActiveCfg = Debug|Any CPU
		{10E98846-9E52-4E85-BBA5-9507F1D9426C}.Debug|Any CPU.Build.0 = Debug|Any CPU
		{10E98846-9E52-4E85-BBA5-9507F1D9426C}.Release|Any CPU.ActiveCfg = Release|Any CPU
		{10E98846-9E52-4E85-BBA5-9507F1D9426C}.Release|Any CPU.Build.0 = Release|Any CPU
		{8FC9FAFF-1A2D-4707-9FBE-9B61806CFD71}.Debug|Any CPU.ActiveCfg = Debug|Any CPU
		{8FC9FAFF-1A2D-4707-9FBE-9B61806CFD71}.Debug|Any CPU.Build.0 = Debug|Any CPU
		{8FC9FAFF-1A2D-4707-9FBE-9B61806CFD71}.Release|Any CPU.ActiveCfg = Release|Any CPU
		{8FC9FAFF-1A2D-4707-9FBE-9B61806CFD71}.Release|Any CPU.Build.0 = Release|Any CPU
		{B146F311-1299-47F5-9FDD-F51387F35EA9}.Debug|Any CPU.ActiveCfg = Debug|Any CPU
		{B146F311-1299-47F5-9FDD-F51387F35EA9}.Debug|Any CPU.Build.0 = Debug|Any CPU
		{B146F311-1299-47F5-9FDD-F51387F35EA9}.Release|Any CPU.ActiveCfg = Release|Any CPU
		{B146F311-1299-47F5-9FDD-F51387F35EA9}.Release|Any CPU.Build.0 = Release|Any CPU
		{19EBBA18-29BA-41D8-82E0-7B9AE2787C65}.Debug|Any CPU.ActiveCfg = Debug|Any CPU
		{19EBBA18-29BA-41D8-82E0-7B9AE2787C65}.Debug|Any CPU.Build.0 = Debug|Any CPU
		{19EBBA18-29BA-41D8-82E0-7B9AE2787C65}.Release|Any CPU.ActiveCfg = Release|Any CPU
		{19EBBA18-29BA-41D8-82E0-7B9AE2787C65}.Release|Any CPU.Build.0 = Release|Any CPU
	EndGlobalSection
	GlobalSection(SolutionProperties) = preSolution
		HideSolutionNode = FALSE
	EndGlobalSection
	GlobalSection(NestedProjects) = preSolution
		{8C8EF25F-F94C-47DD-82D7-1B72A38F4D6C} = {4FEA27AE-3EE4-471E-AE8B-E102136087FE}
		{54D1FA6B-F9EE-439B-A562-83D8A17C9189} = {8C8EF25F-F94C-47DD-82D7-1B72A38F4D6C}
		{4F1969C8-16D5-4312-8621-E36E3FA3A93D} = {8C8EF25F-F94C-47DD-82D7-1B72A38F4D6C}
		{2FA86CCE-7259-4967-A28B-A00AD2456311} = {4F1969C8-16D5-4312-8621-E36E3FA3A93D}
		{12CB6305-9FD3-43BC-837E-AE99CE2C3CBD} = {8C8EF25F-F94C-47DD-82D7-1B72A38F4D6C}
		{33A9FC3C-9695-4C76-A0C2-80412F06B0BC} = {12CB6305-9FD3-43BC-837E-AE99CE2C3CBD}
		{10E98846-9E52-4E85-BBA5-9507F1D9426C} = {12CB6305-9FD3-43BC-837E-AE99CE2C3CBD}
		{A18F3149-74E2-4DE8-9816-E0FAEB35E8A7} = {8C8EF25F-F94C-47DD-82D7-1B72A38F4D6C}
		{8FC9FAFF-1A2D-4707-9FBE-9B61806CFD71} = {A18F3149-74E2-4DE8-9816-E0FAEB35E8A7}
		{B146F311-1299-47F5-9FDD-F51387F35EA9} = {A18F3149-74E2-4DE8-9816-E0FAEB35E8A7}
		{19EBBA18-29BA-41D8-82E0-7B9AE2787C65} = {12CB6305-9FD3-43BC-837E-AE99CE2C3CBD}
	EndGlobalSection
	GlobalSection(ExtensibilityGlobals) = postSolution
		SolutionGuid = {951D8185-CDB4-486D-A166-28B83D3293B5}
	EndGlobalSection
EndGlobal
